{
  "name": "mini-plate-editor",
  "version": "0.1.0",
  "lockfileVersion": 3,
  "requires": true,
  "packages": {
    "": {
      "name": "mini-plate-editor",
      "version": "0.1.0",
      "license": "MIT",
      "devDependencies": {
        "@types/react": "^18 || ^19",
        "@types/react-dom": "^18 || ^19",
        "@udecode/plate": "^48",
        "@udecode/plate-basic-marks": "^48",
        "@udecode/plate-block-quote": "^48",
        "@udecode/plate-heading": "^48",
        "@udecode/plate-horizontal-rule": "^48",
        "@udecode/plate-list": "^48",
        "@udecode/plate-media": "^48",
        "react": "^19",
        "react-dom": "^19",
        "typescript": "^5"
      },
      "peerDependencies": {
        "@udecode/plate": "^48",
        "@udecode/plate-basic-marks": "^48",
        "@udecode/plate-block-quote": "^48",
        "@udecode/plate-heading": "^48",
        "@udecode/plate-horizontal-rule": "^48",
        "@udecode/plate-list": "^48",
        "@udecode/plate-media": "^48",
        "react": "^18 || ^19",
        "react-dom": "^18 || ^19"
      }
    },
    "node_modules/@juggle/resize-observer": {
      "version": "3.4.0",
      "resolved": "https://registry.npmjs.org/@juggle/resize-observer/-/resize-observer-3.4.0.tgz",
      "integrity": "sha512-dfLbk+PwWvFzSxwk3n5ySL0hfBog779o8h68wK/7/APo/7cgyWp5jcXockbxdk5kFRkbeXWm4Fbi9FrdN381sA==",
      "dev": true,
      "license": "Apache-2.0"
    },
    "node_modules/@radix-ui/react-compose-refs": {
      "version": "1.1.2",
      "resolved": "https://registry.npmjs.org/@radix-ui/react-compose-refs/-/react-compose-refs-1.1.2.tgz",
      "integrity": "sha512-z4eqJvfiNnFMHIIvXP3CY57y2WJs5g2v3X0zm9mEJkrkNv4rDxu+sg9Jh8EkXyeqBkB7SOcboo9dMVqhyrACIg==",
      "dev": true,
      "license": "MIT",
      "peerDependencies": {
        "@types/react": "*",
        "react": "^16.8 || ^17.0 || ^18.0 || ^19.0 || ^19.0.0-rc"
      },
      "peerDependenciesMeta": {
        "@types/react": {
          "optional": true
        }
      }
    },
    "node_modules/@radix-ui/react-slot": {
      "version": "1.2.4",
      "resolved": "https://registry.npmjs.org/@radix-ui/react-slot/-/react-slot-1.2.4.tgz",
      "integrity": "sha512-Jl+bCv8HxKnlTLVrcDE8zTMJ09R9/ukw4qBs/oZClOfoQk/cOTbDn+NceXfV7j09YPVQUryJPHurafcSg6EVKA==",
      "dev": true,
      "license": "MIT",
      "dependencies": {
        "@radix-ui/react-compose-refs": "1.1.2"
      },
      "peerDependencies": {
        "@types/react": "*",
        "react": "^16.8 || ^17.0 || ^18.0 || ^19.0 || ^19.0.0-rc"
      },
      "peerDependenciesMeta": {
        "@types/react": {
          "optional": true
        }
      }
    },
    "node_modules/@types/react": {
      "version": "19.2.14",
      "resolved": "https://registry.npmjs.org/@types/react/-/react-19.2.14.tgz",
      "integrity": "sha512-ilcTH/UniCkMdtexkoCN0bI7pMcJDvmQFPvuPvmEaYA/NSfFTAgdUSLAoVjaRJm7+6PvcM+q1zYOwS4wTYMF9w==",
      "dev": true,
      "license": "MIT",
      "dependencies": {
        "csstype": "^3.2.2"
      }
    },
    "node_modules/@types/react-dom": {
      "version": "19.2.3",
      "resolved": "https://registry.npmjs.org/@types/react-dom/-/react-dom-19.2.3.tgz",
      "integrity": "sha512-jp2L/eY6fn+KgVVQAOqYItbF0VY/YApe5Mz2F0aykSO8gx31bYCZyvSeYxCHKvzHG5eZjc+zyaS5BrBWya2+kQ==",
      "dev": true,
      "license": "MIT",
      "peerDependencies": {
        "@types/react": "^19.2.0"
      }
    },
    "node_modules/@udecode/plate": {
      "version": "48.0.5",
      "resolved": "https://registry.npmjs.org/@udecode/plate/-/plate-48.0.5.tgz",
      "integrity": "sha512-C/Pi8a8xXVWqMj7lTaMD3/5oxW6Y0rJ7y2q2HsqU7fBTRF3kWw3+e0o1kjxXSzQnvTYsqVtEtmkPMiAv3Yaypg==",
      "dev": true,
      "license": "MIT",
      "dependencies": {
        "@udecode/plate-core": "48.0.5",
        "@udecode/plate-utils": "48.0.5",
        "@udecode/react-hotkeys": "37.0.0",
        "@udecode/react-utils": "47.3.1",
        "@udecode/slate": "48.0.1",
        "@udecode/utils": "47.2.7"
      },
      "peerDependencies": {
        "react": ">=18.0.0",
        "react-dom": ">=18.0.0"
      }
    },
    "node_modules/@udecode/plate-basic-marks": {
      "version": "48.0.0",
      "resolved": "https://registry.npmjs.org/@udecode/plate-basic-marks/-/plate-basic-marks-48.0.0.tgz",
      "integrity": "sha512-I7Xw2ZRUQgTc5h3niFLAIYZ0A0udlmHfg19+W6msjZrHSpCTcAhhD4DVryTI1bePMP+K1u6wZbRoTlZPZ/DULQ==",
      "dev": true,
      "license": "MIT",
      "peerDependencies": {
        "@udecode/plate": ">=48.0.0",
        "react": ">=18.0.0",
        "react-dom": ">=18.0.0"
      }
    },
    "node_modules/@udecode/plate-block-quote": {
      "version": "48.0.0",
      "resolved": "https://registry.npmjs.org/@udecode/plate-block-quote/-/plate-block-quote-48.0.0.tgz",
      "integrity": "sha512-sr5k3Lx2yuyvTIFPn9x5+hxvvAObrct32pR/m0d4h4Ueq/mkQBkfmORSodjObiFhJe7UlLhvWCdEhfIPK7h9Hw==",
      "dev": true,
      "license": "MIT",
      "peerDependencies": {
        "@udecode/plate": ">=48.0.0",
        "react": ">=18.0.0",
        "react-dom": ">=18.0.0"
      }
    },
    "node_modules/@udecode/plate-core": {
      "version": "48.0.5",
      "resolved": "https://registry.npmjs.org/@udecode/plate-core/-/plate-core-48.0.5.tgz",
      "integrity": "sha512-Ep0/yISRWOOv2ZtSBjgnJ7wGKQZ2pqh+2xWxu7R2YqwbTk2Zteuuvassn7hGieaalti37ecyi9dIkUZZQL8uGg==",
      "dev": true,
      "license": "MIT",
      "dependencies": {
        "@udecode/react-hotkeys": "37.0.0",
        "@udecode/react-utils": "47.3.1",
        "@udecode/slate": "48.0.1",
        "@udecode/utils": "47.2.7",
        "clsx": "^2.1.1",
        "html-entities": "^2.6.0",
        "is-hotkey": "^0.2.0",
        "jotai": "~2.8.4",
        "jotai-optics": "0.4.0",
        "jotai-x": "2.3.2",
        "lodash": "^4.17.21",
        "nanoid": "^5.1.5",
        "optics-ts": "2.4.1",
        "slate-hyperscript": "0.100.0",
        "slate-react": "0.114.2",
        "use-deep-compare": "^1.3.0",
        "zustand": "^5.0.3",
        "zustand-x": "6.1.0"
      },
      "peerDependencies": {
        "react": ">=18.0.0",
        "react-dom": ">=18.0.0"
      }
    },
    "node_modules/@udecode/plate-heading": {
      "version": "48.0.0",
      "resolved": "https://registry.npmjs.org/@udecode/plate-heading/-/plate-heading-48.0.0.tgz",
      "integrity": "sha512-7Mn9RdphTaBHBe2BDZcye0YsTVQ6kh9acTLthw017gtvdK7i6DjIpjfB/o+Yavj3MuL+9ytknugRTOKeKN9r8Q==",
      "dev": true,
      "license": "MIT",
      "peerDependencies": {
        "@udecode/plate": ">=48.0.0",
        "react": ">=18.0.0",
        "react-dom": ">=18.0.0"
      }
    },
    "node_modules/@udecode/plate-horizontal-rule": {
      "version": "48.0.0",
      "resolved": "https://registry.npmjs.org/@udecode/plate-horizontal-rule/-/plate-horizontal-rule-48.0.0.tgz",
      "integrity": "sha512-riBm7qDJzx+fpQGPXT6iFE8RTTTujCpMkbQ8KIR625+kFjJyTMD7FtWhrkw8fu5rDTtiz7vg30yMbrMKUpDCtw==",
      "dev": true,
      "license": "MIT",
      "peerDependencies": {
        "@udecode/plate": ">=48.0.0",
        "react": ">=18.0.0",
        "react-dom": ">=18.0.0"
      }
    },
    "node_modules/@udecode/plate-list": {
      "version": "48.0.0",
      "resolved": "https://registry.npmjs.org/@udecode/plate-list/-/plate-list-48.0.0.tgz",
      "integrity": "sha512-plHiMNDh6+6wDIg5e3ObNvsO3e70NvqKdUkusppPxW8hsxQOkSYUrByjcqJa7ROKJFXupzJ4yFWG8n8zQwOUrg==",
      "dev": true,
      "license": "MIT",
      "dependencies": {
        "@udecode/plate-reset-node": "48.0.0",
        "lodash": "^4.17.21"
      },
      "peerDependencies": {
        "@udecode/plate": ">=48.0.0",
        "react": ">=18.0.0",
        "react-dom": ">=18.0.0"
      }
    },
    "node_modules/@udecode/plate-media": {
      "version": "48.0.0",
      "resolved": "https://registry.npmjs.org/@udecode/plate-media/-/plate-media-48.0.0.tgz",
      "integrity": "sha512-0sx5FEb8EeTx7y4BCndJHoXuEjlafu38Wlny7AQzejPxHfPFOOzpcYgda7qHiZmduf2KONvuTEiYPt/V/zsQZA==",
      "dev": true,
      "license": "MIT",
      "dependencies": {
        "js-video-url-parser": "^0.5.1"
      },
      "peerDependencies": {
        "@udecode/plate": ">=48.0.0",
        "react": ">=18.0.0",
        "react-dom": ">=18.0.0"
      }
    },
    "node_modules/@udecode/plate-reset-node": {
      "version": "48.0.0",
      "resolved": "https://registry.npmjs.org/@udecode/plate-reset-node/-/plate-reset-node-48.0.0.tgz",
      "integrity": "sha512-YAXAX2GlOTBotfHksJNretmIpWNie9wPCfCov/+sGO30yGTvq/Xr+OXhDE2o2TAwd3UGHl5ckLi9GnSifnldDA==",
      "dev": true,
      "license": "MIT",
      "peerDependencies": {
        "@udecode/plate": ">=48.0.0",
        "react": ">=18.0.0",
        "react-dom": ">=18.0.0"
      }
    },
    "node_modules/@udecode/plate-utils": {
      "version": "48.0.5",
      "resolved": "https://registry.npmjs.org/@udecode/plate-utils/-/plate-utils-48.0.5.tgz",
      "integrity": "sha512-GmSu5aidb0qtlABPlQMfiufJCmyGQIg+OqOSlP7l3OBqS3HG7+ixcHPQQi5HvEpBePbdt4fcOwUZBqdn46MohQ==",
      "dev": true,
      "license": "MIT",
      "dependencies": {
        "@udecode/plate-core": "48.0.5",
        "@udecode/react-utils": "47.3.1",
        "@udecode/slate": "48.0.1",
        "@udecode/utils": "47.2.7",
        "clsx": "^2.1.1",
        "lodash": "^4.17.21"
      },
      "peerDependencies": {
        "react": ">=18.0.0",
        "react-dom": ">=18.0.0"
      }
    },
    "node_modules/@udecode/react-hotkeys": {
      "version": "37.0.0",
      "resolved": "https://registry.npmjs.org/@udecode/react-hotkeys/-/react-hotkeys-37.0.0.tgz",
      "integrity": "sha512-3ZV5LiaTnKyhXwN6U0NE2cofNsNN2IPMkNCDntbSIIRLYmI+o6LRkDwAucSNh/BIdNXfvxscsR04RYyIwjGbJw==",
      "dev": true,
      "license": "MIT",
      "peerDependencies": {
        "react": ">=16.8.0",
        "react-dom": ">=16.8.0"
      }
    },
    "node_modules/@udecode/react-utils": {
      "version": "47.3.1",
      "resolved": "https://registry.npmjs.org/@udecode/react-utils/-/react-utils-47.3.1.tgz",
      "integrity": "sha512-fHnY0RGOeKKPnFW8xx8VWlLI0yscHd/kIU5t0bZ5bJ7Vanlhk1CUnPGDNa5HCIMVQrLARngGut/lIyGtoF65EQ==",
      "dev": true,
      "license": "MIT",
      "dependencies": {
        "@radix-ui/react-slot": "^1.2.0",
        "@udecode/utils": "47.2.7",
        "clsx": "^2.1.1"
      },
      "peerDependencies": {
        "react": ">=18.0.0",
        "react-dom": ">=18.0.0"
      }
    },
    "node_modules/@udecode/slate": {
      "version": "48.0.1",
      "resolved": "https://registry.npmjs.org/@udecode/slate/-/slate-48.0.1.tgz",
      "integrity": "sha512-3so9oEvT5hisF9ZPFOmdeV8HDHC36uEDNYDq54cbExlIyQ1LG48ZRu/qbDMA/42aXmB2BJPIqa0PuQd2UYS3ig==",
      "dev": true,
      "license": "MIT",
      "dependencies": {
        "@udecode/utils": "47.2.7",
        "is-plain-object": "^5.0.0",
        "lodash": "^4.17.21",
        "slate": "0.114.0",
        "slate-dom": "0.114.0"
      }
    },
    "node_modules/@udecode/slate/node_modules/slate": {
      "version": "0.114.0",
      "resolved": "https://registry.npmjs.org/slate/-/slate-0.114.0.tgz",
      "integrity": "sha512-r3KHl22433DlN5BpLAlL4b3D8ItoGKAkj91YT6GhP39XuLoBT+YFd9ObKuL/okgiPb5lbwnW+71fM45hHceN9w==",
      "dev": true,
      "license": "MIT",
      "dependencies": {
        "immer": "^10.0.3",
        "is-plain-object": "^5.0.0",
        "tiny-warning": "^1.0.3"
      }
    },
    "node_modules/@udecode/slate/node_modules/slate-dom": {
      "version": "0.114.0",
      "resolved": "https://registry.npmjs.org/slate-dom/-/slate-dom-0.114.0.tgz",
      "integrity": "sha512-3LWIfiDPNQSY+SCPsvMTErCkx2gXTViLoWISisw6uM+unwiOkEF9ZmpHp88/SSmcq6k3P4aIquehUNeNUlkdiA==",
      "dev": true,
      "license": "MIT",
      "dependencies": {
        "@juggle/resize-observer": "^3.4.0",
        "direction": "^1.0.4",
        "is-hotkey": "^0.2.0",
        "is-plain-object": "^5.0.0",
        "lodash": "^4.17.21",
        "scroll-into-view-if-needed": "^3.1.0",
        "tiny-invariant": "1.3.1"
      },
      "peerDependencies": {
        "slate": ">=0.99.0"
      }
    },
    "node_modules/@udecode/utils": {
      "version": "47.2.7",
      "resolved": "https://registry.npmjs.org/@udecode/utils/-/utils-47.2.7.tgz",
      "integrity": "sha512-tQ8tIcdW+ZqWWrDgyf/moTLWtcErcHxaOfuCD/6qIL5hCq+jZm67nGHQToOT4Czti5Jr7CDPMgr8lYpdTEZcew==",
      "dev": true,
      "license": "MIT"
    },
    "node_modules/clsx": {
      "version": "2.1.1",
      "resolved": "https://registry.npmjs.org/clsx/-/clsx-2.1.1.tgz",
      "integrity": "sha512-eYm0QWBtUrBWZWG0d386OGAw16Z995PiOVo2B7bjWSbHedGl5e0ZWaq65kOGgUSNesEIDkB9ISbTg/JK9dhCZA==",
      "dev": true,
      "license": "MIT",
      "engines": {
        "node": ">=6"
      }
    },
    "node_modules/compute-scroll-into-view": {
      "version": "3.1.1",
      "resolved": "https://registry.npmjs.org/compute-scroll-into-view/-/compute-scroll-into-view-3.1.1.tgz",
      "integrity": "sha512-VRhuHOLoKYOy4UbilLbUzbYg93XLjv2PncJC50EuTWPA3gaja1UjBsUP/D/9/juV3vQFr6XBEzn9KCAHdUvOHw==",
      "dev": true,
      "license": "MIT"
    },
    "node_modules/csstype": {
      "version": "3.2.3",
      "resolved": "https://registry.npmjs.org/csstype/-/csstype-3.2.3.tgz",
      "integrity": "sha512-z1HGKcYy2xA8AGQfwrn0PAy+PB7X/GSj3UVJW9qKyn43xWa+gl5nXmU4qqLMRzWVLFC8KusUX8T/0kCiOYpAIQ==",
      "dev": true,
      "license": "MIT"
    },
    "node_modules/dequal": {
      "version": "2.0.3",
      "resolved": "https://registry.npmjs.org/dequal/-/dequal-2.0.3.tgz",
      "integrity": "sha512-0je+qPKHEMohvfRTCEo3CrPG6cAzAYgmzKyxRiYSSDkS6eGJdyVJm7WaYA5ECaAD9wLB2T4EEeymA5aFVcYXCA==",
      "dev": true,
      "license": "MIT",
      "engines": {
        "node": ">=6"
      }
    },
    "node_modules/direction": {
      "version": "1.0.4",
      "resolved": "https://registry.npmjs.org/direction/-/direction-1.0.4.tgz",
      "integrity": "sha512-GYqKi1aH7PJXxdhTeZBFrg8vUBeKXi+cNprXsC1kpJcbcVnV9wBsrOu1cQEdG0WeQwlfHiy3XvnKfIrJ2R0NzQ==",
      "dev": true,
      "license": "MIT",
      "bin": {
        "direction": "cli.js"
      },
      "funding": {
        "type": "github",
        "url": "https://github.com/sponsors/wooorm"
      }
    },
    "node_modules/html-entities": {
      "version": "2.6.0",
      "resolved": "https://registry.npmjs.org/html-entities/-/html-entities-2.6.0.tgz",
      "integrity": "sha512-kig+rMn/QOVRvr7c86gQ8lWXq+Hkv6CbAH1hLu+RG338StTpE8Z0b44SDVaqVu7HGKf27frdmUYEs9hTUX/cLQ==",
      "dev": true,
      "funding": [
        {
          "type": "github",
          "url": "https://github.com/sponsors/mdevils"
        },
        {
          "type": "patreon",
          "url": "https://patreon.com/mdevils"
        }
      ],
      "license": "MIT"
    },
    "node_modules/immer": {
      "version": "10.2.0",
      "resolved": "https://registry.npmjs.org/immer/-/immer-10.2.0.tgz",
      "integrity": "sha512-d/+XTN3zfODyjr89gM3mPq1WNX2B8pYsu7eORitdwyA2sBubnTl3laYlBk4sXY5FUa5qTZGBDPJICVbvqzjlbw==",
      "dev": true,
      "license": "MIT",
      "funding": {
        "type": "opencollective",
        "url": "https://opencollective.com/immer"
      }
    },
    "node_modules/is-hotkey": {
      "version": "0.2.0",
      "resolved": "https://registry.npmjs.org/is-hotkey/-/is-hotkey-0.2.0.tgz",
      "integrity": "sha512-UknnZK4RakDmTgz4PI1wIph5yxSs/mvChWs9ifnlXsKuXgWmOkY/hAE0H/k2MIqH0RlRye0i1oC07MCRSD28Mw==",
      "dev": true,
      "license": "MIT"
    },
    "node_modules/is-plain-object": {
      "version": "5.0.0",
      "resolved": "https://registry.npmjs.org/is-plain-object/-/is-plain-object-5.0.0.tgz",
      "integrity": "sha512-VRSzKkbMm5jMDoKLbltAkFQ5Qr7VDiTFGXxYFXXowVj387GeGNOCsOH6Msy00SGZ3Fp84b1Naa1psqgcCIEP5Q==",
      "dev": true,
      "license": "MIT",
      "engines": {
        "node": ">=0.10.0"
      }
    },
    "node_modules/jotai": {
      "version": "2.8.4",
      "resolved": "https://registry.npmjs.org/jotai/-/jotai-2.8.4.tgz",
      "integrity": "sha512-f6jwjhBJcDtpeauT2xH01gnqadKEySwwt1qNBLvAXcnojkmb76EdqRt05Ym8IamfHGAQz2qMKAwftnyjeSoHAA==",
      "dev": true,
      "license": "MIT",
      "engines": {
        "node": ">=12.20.0"
      },
      "peerDependencies": {
        "@types/react": ">=17.0.0",
        "react": ">=17.0.0"
      },
      "peerDependenciesMeta": {
        "@types/react": {
          "optional": true
        },
        "react": {
          "optional": true
        }
      }
    },
    "node_modules/jotai-optics": {
      "version": "0.4.0",
      "resolved": "https://registry.npmjs.org/jotai-optics/-/jotai-optics-0.4.0.tgz",
      "integrity": "sha512-osbEt9AgS55hC4YTZDew2urXKZkaiLmLqkTS/wfW5/l0ib8bmmQ7kBXSFaosV6jDDWSp00IipITcJARFHdp42g==",
      "dev": true,
      "license": "MIT",
      "peerDependencies": {
        "jotai": ">=2.0.0",
        "optics-ts": ">=2.0.0"
      }
    },
    "node_modules/jotai-x": {
      "version": "2.3.2",
      "resolved": "https://registry.npmjs.org/jotai-x/-/jotai-x-2.3.2.tgz",
      "integrity": "sha512-WjOfSO4lZBtuy7igTcJ8ZMq9zf/MfjnJnMgsdLNLZrFeiaAWif7Kh/kXwIG4dFMLTOFZ9Bf96bztv21VBcTB0g==",
      "dev": true,
      "license": "MIT",
      "peerDependencies": {
        "@types/react": ">=17.0.0",
        "jotai": ">=2.0.0",
        "react": ">=17.0.0"
      },
      "peerDependenciesMeta": {
        "@types/react": {
          "optional": true
        },
        "react": {
          "optional": true
        }
      }
    },
    "node_modules/js-video-url-parser": {
      "version": "0.5.1",
      "resolved": "https://registry.npmjs.org/js-video-url-parser/-/js-video-url-parser-0.5.1.tgz",
      "integrity": "sha512-/vwqT67k0AyIGMHAvSOt+n4JfrZWF7cPKgKswDO35yr27GfW4HtjpQVlTx6JLF45QuPm8mkzFHkZgFVnFm4x/w==",
      "dev": true,
      "license": "MIT"
    },
    "node_modules/lodash": {
      "version": "4.17.23",
      "resolved": "https://registry.npmjs.org/lodash/-/lodash-4.17.23.tgz",
      "integrity": "sha512-LgVTMpQtIopCi79SJeDiP0TfWi5CNEc/L/aRdTh3yIvmZXTnheWpKjSZhnvMl8iXbC1tFg9gdHHDMLoV7CnG+w==",
      "dev": true,
      "license": "MIT"
    },
    "node_modules/lodash.mapvalues": {
      "version": "4.6.0",
      "resolved": "https://registry.npmjs.org/lodash.mapvalues/-/lodash.mapvalues-4.6.0.tgz",
      "integrity": "sha512-JPFqXFeZQ7BfS00H58kClY7SPVeHertPE0lNuCyZ26/XlN8TvakYD7b9bGyNmXbT/D3BbtPAAmq90gPWqLkxlQ==",
      "dev": true,
      "license": "MIT"
    },
    "node_modules/mutative": {
      "version": "1.1.0",
      "resolved": "https://registry.npmjs.org/mutative/-/mutative-1.1.0.tgz",
      "integrity": "sha512-2PJADREjOusk3iJkD3rXV2YjAxTuaLxdfqtqTEt6vcY07LtEBR1seHuBHXWEIuscqRDGvbauYPs+A4Rj/KTczQ==",
      "dev": true,
      "license": "MIT",
      "engines": {
        "node": ">=14.0"
      }
    },
    "node_modules/nanoid": {
      "version": "5.1.7",
      "resolved": "https://registry.npmjs.org/nanoid/-/nanoid-5.1.7.tgz",
      "integrity": "sha512-ua3NDgISf6jdwezAheMOk4mbE1LXjm1DfMUDMuJf4AqxLFK3ccGpgWizwa5YV7Yz9EpXwEaWoRXSb/BnV0t5dQ==",
      "dev": true,
      "funding": [
        {
          "type": "github",
          "url": "https://github.com/sponsors/ai"
        }
      ],
      "license": "MIT",
      "bin": {
        "nanoid": "bin/nanoid.js"
      },
      "engines": {
        "node": "^18 || >=20"
      }
    },
    "node_modules/optics-ts": {
      "version": "2.4.1",
      "resolved": "https://registry.npmjs.org/optics-ts/-/optics-ts-2.4.1.tgz",
      "integrity": "sha512-HaYzMHvC80r7U/LqAd4hQyopDezC60PO2qF5GuIwALut2cl5rK1VWHsqTp0oqoJJWjiv6uXKqsO+Q2OO0C3MmQ==",
      "dev": true,
      "license": "MIT"
    },
    "node_modules/proxy-compare": {
      "version": "2.6.0",
      "resolved": "https://registry.npmjs.org/proxy-compare/-/proxy-compare-2.6.0.tgz",
      "integrity": "sha512-8xuCeM3l8yqdmbPoYeLbrAXCBWu19XEYc5/F28f5qOaoAIMyfmBUkl5axiK+x9olUvRlcekvnm98AP9RDngOIw==",
      "dev": true,
      "license": "MIT"
    },
    "node_modules/react": {
      "version": "19.2.4",
      "resolved": "https://registry.npmjs.org/react/-/react-19.2.4.tgz",
      "integrity": "sha512-9nfp2hYpCwOjAN+8TZFGhtWEwgvWHXqESH8qT89AT/lWklpLON22Lc8pEtnpsZz7VmawabSU0gCjnj8aC0euHQ==",
      "dev": true,
      "license": "MIT",
      "engines": {
        "node": ">=0.10.0"
      }
    },
    "node_modules/react-dom": {
      "version": "19.2.4",
      "resolved": "https://registry.npmjs.org/react-dom/-/react-dom-19.2.4.tgz",
      "integrity": "sha512-AXJdLo8kgMbimY95O2aKQqsz2iWi9jMgKJhRBAxECE4IFxfcazB2LmzloIoibJI3C12IlY20+KFaLv+71bUJeQ==",
      "dev": true,
      "license": "MIT",
      "dependencies": {
        "scheduler": "^0.27.0"
      },
      "peerDependencies": {
        "react": "^19.2.4"
      }
    },
    "node_modules/react-tracked": {
      "version": "1.7.14",
      "resolved": "https://registry.npmjs.org/react-tracked/-/react-tracked-1.7.14.tgz",
      "integrity": "sha512-6UMlgQeRAGA+uyYzuQGm7kZB6ZQYFhc7sntgP7Oxwwd6M0Ud/POyb4K3QWT1eXvoifSa80nrAWnXWFGpOvbwkw==",
      "dev": true,
      "license": "MIT",
      "dependencies": {
        "proxy-compare": "2.6.0",
        "use-context-selector": "1.4.4"
      },
      "peerDependencies": {
        "react": ">=16.8.0",
        "react-dom": "*",
        "react-native": "*",
        "scheduler": ">=0.19.0"
      },
      "peerDependenciesMeta": {
        "react-dom": {
          "optional": true
        },
        "react-native": {
          "optional": true
        }
      }
    },
    "node_modules/scheduler": {
      "version": "0.27.0",
      "resolved": "https://registry.npmjs.org/scheduler/-/scheduler-0.27.0.tgz",
      "integrity": "sha512-eNv+WrVbKu1f3vbYJT/xtiF5syA5HPIMtf9IgY/nKg0sWqzAUEvqY/xm7OcZc/qafLx/iO9FgOmeSAp4v5ti/Q==",
      "dev": true,
      "license": "MIT"
    },
    "node_modules/scroll-into-view-if-needed": {
      "version": "3.1.0",
      "resolved": "https://registry.npmjs.org/scroll-into-view-if-needed/-/scroll-into-view-if-needed-3.1.0.tgz",
      "integrity": "sha512-49oNpRjWRvnU8NyGVmUaYG4jtTkNonFZI86MmGRDqBphEK2EXT9gdEUoQPZhuBM8yWHxCWbobltqYO5M4XrUvQ==",
      "dev": true,
      "license": "MIT",
      "dependencies": {
        "compute-scroll-into-view": "^3.0.2"
      }
    },
    "node_modules/slate": {
      "version": "0.123.0",
      "resolved": "https://registry.npmjs.org/slate/-/slate-0.123.0.tgz",
      "integrity": "sha512-Oon3HR/QzJQBjuOUJT1jGGlp8Ff7t3Bkr/rJ2lDqxNT4H+cBnXpEVQ/si6hn1ZCHhD2xY/2N91PQoH/rD7kxTg==",
      "dev": true,
      "license": "MIT",
      "peer": true
    },
    "node_modules/slate-dom": {
      "version": "0.123.0",
      "resolved": "https://registry.npmjs.org/slate-dom/-/slate-dom-0.123.0.tgz",
      "integrity": "sha512-OUinp4tvSrAlt64JL9y20Xin08jgnnj1gJmIuPdGvU5MELKXRNZh17a7EKKNOS6OZPAE8Dk9NI1MAIS/Qz0YBw==",
      "dev": true,
      "license": "MIT",
      "peer": true,
      "dependencies": {
        "@juggle/resize-observer": "^3.4.0",
        "direction": "^1.0.4",
        "is-hotkey": "^0.2.0",
        "is-plain-object": "^5.0.0",
        "lodash": "^4.17.21",
        "scroll-into-view-if-needed": "^3.1.0",
        "tiny-invariant": "1.3.1"
      },
      "peerDependencies": {
        "slate": ">=0.121.0"
      }
    },
    "node_modules/slate-hyperscript": {
      "version": "0.100.0",
      "resolved": "https://registry.npmjs.org/slate-hyperscript/-/slate-hyperscript-0.100.0.tgz",
      "integrity": "sha512-fb2KdAYg6RkrQGlqaIi4wdqz3oa0S4zKNBJlbnJbNOwa23+9FLD6oPVx9zUGqCSIpy+HIpOeqXrg0Kzwh/Ii4A==",
      "dev": true,
      "license": "MIT",
      "dependencies": {
        "is-plain-object": "^5.0.0"
      },
      "peerDependencies": {
        "slate": ">=0.65.3"
      }
    },
    "node_modules/slate-react": {
      "version": "0.114.2",
      "resolved": "https://registry.npmjs.org/slate-react/-/slate-react-0.114.2.tgz",
      "integrity": "sha512-yqJnX1/7A30szl9BxW3qX99MZy6mM6VtUi1rXTy0JpRMTKv3rduo0WOxqcX90tpt0ke2pzHGbrLLr1buIN4vrw==",
      "dev": true,
      "license": "MIT",
      "dependencies": {
        "@juggle/resize-observer": "^3.4.0",
        "direction": "^1.0.4",
        "is-hotkey": "^0.2.0",
        "is-plain-object": "^5.0.0",
        "lodash": "^4.17.21",
        "scroll-into-view-if-needed": "^3.1.0",
        "tiny-invariant": "1.3.1"
      },
      "peerDependencies": {
        "react": ">=18.2.0",
        "react-dom": ">=18.2.0",
        "slate": ">=0.114.0",
        "slate-dom": ">=0.110.2"
      }
    },
    "node_modules/tiny-invariant": {
      "version": "1.3.1",
      "resolved": "https://registry.npmjs.org/tiny-invariant/-/tiny-invariant-1.3.1.tgz",
      "integrity": "sha512-AD5ih2NlSssTCwsMznbvwMZpJ1cbhkGd2uueNxzv2jDlEeZdU04JQfRnggJQ8DrcVBGjAsCKwFBbDlVNtEMlzw==",
      "dev": true,
      "license": "MIT"
    },
    "node_modules/tiny-warning": {
      "version": "1.0.3",
      "resolved": "https://registry.npmjs.org/tiny-warning/-/tiny-warning-1.0.3.tgz",
      "integrity": "sha512-lBN9zLN/oAf68o3zNXYrdCt1kP8WsiGW8Oo2ka41b2IM5JL/S1CTyX1rW0mb/zSuJun0ZUrDxx4sqvYS2FWzPA==",
      "dev": true,
      "license": "MIT"
    },
    "node_modules/typescript": {
      "version": "5.9.3",
      "resolved": "https://registry.npmjs.org/typescript/-/typescript-5.9.3.tgz",
      "integrity": "sha512-jl1vZzPDinLr9eUt3J/t7V6FgNEw9QjvBPdysz9KfQDD41fQrC2Y4vKQdiaUpFT4bXlb1RHhLpp8wtm6M5TgSw==",
      "dev": true,
      "license": "Apache-2.0",
      "bin": {
        "tsc": "bin/tsc",
        "tsserver": "bin/tsserver"
      },
      "engines": {
        "node": ">=14.17"
      }
    },
    "node_modules/use-context-selector": {
      "version": "1.4.4",
      "resolved": "https://registry.npmjs.org/use-context-selector/-/use-context-selector-1.4.4.tgz",
      "integrity": "sha512-pS790zwGxxe59GoBha3QYOwk8AFGp4DN6DOtH+eoqVmgBBRXVx4IlPDhJmmMiNQAgUaLlP+58aqRC3A4rdaSjg==",
      "dev": true,
      "license": "MIT",
      "peerDependencies": {
        "react": ">=16.8.0",
        "react-dom": "*",
        "react-native": "*",
        "scheduler": ">=0.19.0"
      },
      "peerDependenciesMeta": {
        "react-dom": {
          "optional": true
        },
        "react-native": {
          "optional": true
        }
      }
    },
    "node_modules/use-deep-compare": {
      "version": "1.3.0",
      "resolved": "https://registry.npmjs.org/use-deep-compare/-/use-deep-compare-1.3.0.tgz",
      "integrity": "sha512-94iG+dEdEP/Sl3WWde+w9StIunlV8Dgj+vkt5wTwMoFQLaijiEZSXXy8KtcStpmEDtIptRJiNeD4ACTtVvnIKA==",
      "dev": true,
      "license": "MIT",
      "dependencies": {
        "dequal": "2.0.3"
      },
      "peerDependencies": {
        "react": ">=16.8.0"
      }
    },
    "node_modules/use-sync-external-store": {
      "version": "1.4.0",
      "resolved": "https://registry.npmjs.org/use-sync-external-store/-/use-sync-external-store-1.4.0.tgz",
      "integrity": "sha512-9WXSPC5fMv61vaupRkCKCxsPxBocVnwakBEkMIHHpkTTg6icbJtg6jzgtLDm4bl3cSHAca52rYWih0k4K3PfHw==",
      "dev": true,
      "license": "MIT",
      "peerDependencies": {
        "react": "^16.8.0 || ^17.0.0 || ^18.0.0 || ^19.0.0"
      }
    },
    "node_modules/zustand": {
      "version": "5.0.12",
      "resolved": "https://registry.npmjs.org/zustand/-/zustand-5.0.12.tgz",
      "integrity": "sha512-i77ae3aZq4dhMlRhJVCYgMLKuSiZAaUPAct2AksxQ+gOtimhGMdXljRT21P5BNpeT4kXlLIckvkPM029OljD7g==",
      "dev": true,
      "license": "MIT",
      "engines": {
        "node": ">=12.20.0"
      },
      "peerDependencies": {
        "@types/react": ">=18.0.0",
        "immer": ">=9.0.6",
        "react": ">=18.0.0",
        "use-sync-external-store": ">=1.2.0"
      },
      "peerDependenciesMeta": {
        "@types/react": {
          "optional": true
        },
        "immer": {
          "optional": true
        },
        "react": {
          "optional": true
        },
        "use-sync-external-store": {
          "optional": true
        }
      }
    },
    "node_modules/zustand-x": {
      "version": "6.1.0",
      "resolved": "https://registry.npmjs.org/zustand-x/-/zustand-x-6.1.0.tgz",
      "integrity": "sha512-lW1Fs29bLCrerWDa3lZLPuEn+ZkbSGzXdwdImKLJUtI2OqlDjpcFac5WTzCPs2ul/igwXFnGiKH1mdn+1Pl2mw==",
      "dev": true,
      "license": "MIT",
      "dependencies": {
        "immer": "^10.0.3",
        "lodash.mapvalues": "^4.6.0",
        "mutative": "1.1.0",
        "react-tracked": "^1.7.11",
        "use-sync-external-store": "1.4.0"
      },
      "peerDependencies": {
        "zustand": ">=5.0.2"
      }
    }
  }
}
